
Microsoft Visual Studio Solution File, Format Version 12.00
# Visual Studio 2013
VisualStudioVersion = 12.0.21005.1
MinimumVisualStudioVersion = 10.0.40219.1
Project("{FAE04EC0-301F-11D3-BF4B-00C04F79EFBC}") = "MonopolyKata", "MonopolyKata\MonopolyKata.csproj", "{53DA4B13-9AF5-4547-A163-F28C632376D2}"
EndProject
Project("{FAE04EC0-301F-11D3-BF4B-00C04F79EFBC}") = "MonopolyKata.Tests", "MonopolyKata.Tests\MonopolyKata.Tests.csproj", "{15F940CA-4721-42F9-AECD-DF52041DAF23}"
EndProject
Global
	GlobalSection(SolutionConfigurationPlatforms) = preSolution
		Debug|Any CPU = Debug|Any CPU
		Release|Any CPU = Release|Any CPU
	EndGlobalSection
	GlobalSection(ProjectConfigurationPlatforms) = postSolution
		{53DA4B13-9AF5-4547-A163-F28C632376D2}.Debug|Any CPU.ActiveCfg = Debug|Any CPU
		{53DA4B13-9AF5-4547-A163-F28C632376D2}.Debug|Any CPU.Build.0 = Debug|Any CPU
		{53DA4B13-9AF5-4547-A163-F28C632376D2}.Release|Any CPU.ActiveCfg = Release|Any CPU
		{53DA4B13-9AF5-4547-A163-F28C632376D2}.Release|Any CPU.Build.0 = Release|Any CPU
		{15F940CA-4721-42F9-AECD-DF52041DAF23}.Debug|Any CPU.ActiveCfg = Debug|Any CPU
		{15F940CA-4721-42F9-AECD-DF52041DAF23}.Debug|Any CPU.Build.0 = Debug|Any CPU
		{15F940CA-4721-42F9-AECD-DF52041DAF23}.Release|Any CPU.ActiveCfg = Release|Any CPU
		{15F940CA-4721-42F9-AECD-DF52041DAF23}.Release|Any CPU.Build.0 = Release|Any CPU
	EndGlobalSection
	GlobalSection(SolutionProperties) = preSolution
		HideSolutionNode = FALSE
	EndGlobalSection
EndGlobal
